
Microsoft Visual Studio Solution File, Format Version 12.00
# Visual Studio 15
VisualStudioVersion = 15.0.28307.852
MinimumVisualStudioVersion = 10.0.40219.1
Project("{8BC9CEB8-8B4A-11D0-8D11-00A0C91BC942}") = "math", "math\math.vcxproj", "{413EA3DB-6056-4014-81C3-33B1EA78B045}"
EndProject
Global
	GlobalSection(SolutionConfigurationPlatforms) = preSolution
		Debug|x64 = Debug|x64
		Debug|x86 = Debug|x86
		Release|x64 = Release|x64
		Release|x86 = Release|x86
	EndGlobalSection
	GlobalSection(ProjectConfigurationPlatforms) = postSolution
		{413EA3DB-6056-4014-81C3-33B1EA78B045}.Debug|x64.ActiveCfg = Debug|x64
		{413EA3DB-6056-4014-81C3-33B1EA78B045}.Debug|x64.Build.0 = Debug|x64
		{413EA3DB-6056-4014-81C3-33B1EA78B045}.Debug|x86.ActiveCfg = Debug|Win32
		{413EA3DB-6056-4014-81C3-33B1EA78B045}.Debug|x86.Build.0 = Debug|Win32
		{413EA3DB-6056-4014-81C3-33B1EA78B045}.Release|x64.ActiveCfg = Release|x64
		{413EA3DB-6056-4014-81C3-33B1EA78B045}.Release|x64.Build.0 = Release|x64
		{413EA3DB-6056-4014-81C3-33B1EA78B045}.Release|x86.ActiveCfg = Release|Win32
		{413EA3DB-6056-4014-81C3-33B1EA78B045}.Release|x86.Build.0 = Release|Win32
	EndGlobalSection
	GlobalSection(SolutionProperties) = preSolution
		HideSolutionNode = FALSE
	EndGlobalSection
	GlobalSection(ExtensibilityGlobals) = postSolution
		SolutionGuid = {DDAF45AF-5642-4A53-AC30-C462F71228DB}
	EndGlobalSection
EndGlobal
